
Microsoft Visual Studio Solution File, Format Version 12.00
# Visual Studio Version 16
VisualStudioVersion = 16.0.31019.35
MinimumVisualStudioVersion = 10.0.40219.1
Project("{9A19103F-16F7-4668-BE54-9A1E7A4F7556}") = "PrintersFrontend", "PrintersFrontend\PrintersFrontend.csproj", "{6ADB64E9-79CF-4D41-A368-C91169098D88}"
EndProject
Global
	GlobalSection(SolutionConfigurationPlatforms) = preSolution
		Debug|Any CPU = Debug|Any CPU
		Release|Any CPU = Release|Any CPU
	EndGlobalSection
	GlobalSection(ProjectConfigurationPlatforms) = postSolution
		{6ADB64E9-79CF-4D41-A368-C91169098D88}.Debug|Any CPU.ActiveCfg = Debug|Any CPU
		{6ADB64E9-79CF-4D41-A368-C91169098D88}.Debug|Any CPU.Build.0 = Debug|Any CPU
		{6ADB64E9-79CF-4D41-A368-C91169098D88}.Release|Any CPU.ActiveCfg = Release|Any CPU
		{6ADB64E9-79CF-4D41-A368-C91169098D88}.Release|Any CPU.Build.0 = Release|Any CPU
	EndGlobalSection
	GlobalSection(SolutionProperties) = preSolution
		HideSolutionNode = FALSE
	EndGlobalSection
	GlobalSection(ExtensibilityGlobals) = postSolution
		SolutionGuid = {8CFA1066-8816-4E7F-9909-606A4733A6E0}
	EndGlobalSection
EndGlobal
